// !$*UTF8*$!
{
	archiveVersion = 1;
	classes = {
	};
	objectVersion = 46;
	objects = {

/* Begin PBXBuildFile section */
		6A3D94181DB1B84700696483 /* MemesCollectionViewController.swift in Sources */ = {isa = PBXBuildFile; fileRef = 6A3D94171DB1B84700696483 /* MemesCollectionViewController.swift */; };
		6A43AC441DAAC84D00AFCC03 /* MemesTableViewController.swift in Sources */ = {isa = PBXBuildFile; fileRef = 6A43AC431DAAC84D00AFCC03 /* MemesTableViewController.swift */; };
		6A43AC461DB044DD00AFCC03 /* MemesDetailViewController.swift in Sources */ = {isa = PBXBuildFile; fileRef = 6A43AC451DB044DD00AFCC03 /* MemesDetailViewController.swift */; };
		6A4FECEA1D94727A008B00EE /* AppDelegate.swift in Sources */ = {isa = PBXBuildFile; fileRef = 6A4FECE91D94727A008B00EE /* AppDelegate.swift */; };
		6A4FECEC1D94727A008B00EE /* MemesEditorViewController.swift in Sources */ = {isa = PBXBuildFile; fileRef = 6A4FECEB1D94727A008B00EE /* MemesEditorViewController.swift */; };
		6A4FECF11D94727A008B00EE /* Assets.xcassets in Resources */ = {isa = PBXBuildFile; fileRef = 6A4FECF01D94727A008B00EE /* Assets.xcassets */; };
		6A4FECF41D94727A008B00EE /* LaunchScreen.storyboard in Resources */ = {isa = PBXBuildFile; fileRef = 6A4FECF21D94727A008B00EE /* LaunchScreen.storyboard */; };
		6ABB17B91D966C87004A72FB /* Meme.swift in Sources */ = {isa = PBXBuildFile; fileRef = 6ABB17B81D966C87004A72FB /* Meme.swift */; };
		6ABB17BC1D966CF6004A72FB /* MemeModel.xcdatamodeld in Sources */ = {isa = PBXBuildFile; fileRef = 6ABB17BA1D966CF6004A72FB /* MemeModel.xcdatamodeld */; };
/* End PBXBuildFile section */

/* Begin PBXFileReference section */
		6A3D94171DB1B84700696483 /* MemesCollectionViewController.swift */ = {isa = PBXFileReference; fileEncoding = 4; lastKnownFileType = sourcecode.swift; path = MemesCollectionViewController.swift; sourceTree = "<group>"; };
		6A43AC431DAAC84D00AFCC03 /* MemesTableViewController.swift */ = {isa = PBXFileReference; fileEncoding = 4; lastKnownFileType = sourcecode.swift; path = MemesTableViewController.swift; sourceTree = "<group>"; };
		6A43AC451DB044DD00AFCC03 /* MemesDetailViewController.swift */ = {isa = PBXFileReference; fileEncoding = 4; lastKnownFileType = sourcecode.swift; path = MemesDetailViewController.swift; sourceTree = "<group>"; };
		6A4FECE61D94727A008B00EE /* Memes.app */ = {isa = PBXFileReference; explicitFileType = wrapper.application; includeInIndex = 0; path = Memes.app; sourceTree = BUILT_PRODUCTS_DIR; };
		6A4FECE91D94727A008B00EE /* AppDelegate.swift */ = {isa = PBXFileReference; lastKnownFileType = sourcecode.swift; path = AppDelegate.swift; sourceTree = "<group>"; };
		6A4FECEB1D94727A008B00EE /* MemesEditorViewController.swift */ = {isa = PBXFileReference; lastKnownFileType = sourcecode.swift; path = MemesEditorViewController.swift; sourceTree = "<group>"; };
		6A4FECF01D94727A008B00EE /* Assets.xcassets */ = {isa = PBXFileReference; lastKnownFileType = folder.assetcatalog; path = Assets.xcassets; sourceTree = "<group>"; };
		6A4FECF31D94727A008B00EE /* Base */ = {isa = PBXFileReference; lastKnownFileType = file.storyboard; name = Base; path = Base.lproj/LaunchScreen.storyboard; sourceTree = "<group>"; };
		6A4FECF51D94727A008B00EE /* Info.plist */ = {isa = PBXFileReference; lastKnownFileType = text.plist.xml; path = Info.plist; sourceTree = "<group>"; };
		6ABB17B81D966C87004A72FB /* Meme.swift */ = {isa = PBXFileReference; fileEncoding = 4; lastKnownFileType = sourcecode.swift; path = Meme.swift; sourceTree = "<group>"; };
		6ABB17BB1D966CF6004A72FB /* MemeModel.xcdatamodel */ = {isa = PBXFileReference; lastKnownFileType = wrapper.xcdatamodel; path = MemeModel.xcdatamodel; sourceTree = "<group>"; };
/* End PBXFileReference section */

/* Begin PBXFrameworksBuildPhase section */
		6A4FECE31D94727A008B00EE /* Frameworks */ = {
			isa = PBXFrameworksBuildPhase;
			buildActionMask = 2147483647;
			files = (
			);
			runOnlyForDeploymentPostprocessing = 0;
		};
/* End PBXFrameworksBuildPhase section */

/* Begin PBXGroup section */
		6A4FECDD1D94727A008B00EE = {
			isa = PBXGroup;
			children = (
				6A4FECE81D94727A008B00EE /* Memes */,
				6A4FECE71D94727A008B00EE /* Products */,
			);
			sourceTree = "<group>";
		};
		6A4FECE71D94727A008B00EE /* Products */ = {
			isa = PBXGroup;
			children = (
				6A4FECE61D94727A008B00EE /* Memes.app */,
			);
			name = Products;
			sourceTree = "<group>";
		};
		6A4FECE81D94727A008B00EE /* Memes */ = {
			isa = PBXGroup;
			children = (
				6A4FECE91D94727A008B00EE /* AppDelegate.swift */,
				6A4FECEB1D94727A008B00EE /* MemesEditorViewController.swift */,
				6A4FECF01D94727A008B00EE /* Assets.xcassets */,
				6A4FECF21D94727A008B00EE /* LaunchScreen.storyboard */,
				6A4FECF51D94727A008B00EE /* Info.plist */,
				6ABB17B81D966C87004A72FB /* Meme.swift */,
				6ABB17BA1D966CF6004A72FB /* MemeModel.xcdatamodeld */,
				6A43AC431DAAC84D00AFCC03 /* MemesTableViewController.swift */,
				6A43AC451DB044DD00AFCC03 /* MemesDetailViewController.swift */,
				6A3D94171DB1B84700696483 /* MemesCollectionViewController.swift */,
			);
			path = Memes;
			sourceTree = "<group>";
		};
/* End PBXGroup section */

/* Begin PBXNativeTarget section */
		6A4FECE51D94727A008B00EE /* Memes */ = {
			isa = PBXNativeTarget;
			buildConfigurationList = 6A4FECF81D94727A008B00EE /* Build configuration list for PBXNativeTarget "Memes" */;
			buildPhases = (
				6A4FECE21D94727A008B00EE /* Sources */,
				6A4FECE31D94727A008B00EE /* Frameworks */,
				6A4FECE41D94727A008B00EE /* Resources */,
			);
			buildRules = (
			);
			dependencies = (
			);
			name = Memes;
			productName = Memes;
			productReference = 6A4FECE61D94727A008B00EE /* Memes.app */;
			productType = "com.apple.product-type.application";
		};
/* End PBXNativeTarget section */

/* Begin PBXProject section */
		6A4FECDE1D94727A008B00EE /* Project object */ = {
			isa = PBXProject;
			attributes = {
				LastSwiftUpdateCheck = 0800;
				LastUpgradeCheck = 0800;
				ORGANIZATIONNAME = z0s;
				TargetAttributes = {
					6A4FECE51D94727A008B00EE = {
						CreatedOnToolsVersion = 8.0;
						DevelopmentTeam = 3VMET837C5;
						ProvisioningStyle = Automatic;
					};
				};
			};
			buildConfigurationList = 6A4FECE11D94727A008B00EE /* Build configuration list for PBXProject "Memes" */;
			compatibilityVersion = "Xcode 3.2";
			developmentRegion = English;
			hasScannedForEncodings = 0;
			knownRegions = (
				en,
				Base,
			);
			mainGroup = 6A4FECDD1D94727A008B00EE;
			productRefGroup = 6A4FECE71D94727A008B00EE /* Products */;
			projectDirPath = "";
			projectRoot = "";
			targets = (
				6A4FECE51D94727A008B00EE /* Memes */,
			);
		};
/* End PBXProject section */

/* Begin PBXResourcesBuildPhase section */
		6A4FECE41D94727A008B00EE /* Resources */ = {
			isa = PBXResourcesBuildPhase;
			buildActionMask = 2147483647;
			files = (
				6A4FECF41D94727A008B00EE /* LaunchScreen.storyboard in Resources */,
				6A4FECF11D94727A008B00EE /* Assets.xcassets in Resources */,
			);
			runOnlyForDeploymentPostprocessing = 0;
		};
/* End PBXResourcesBuildPhase section */

/* Begin PBXSourcesBuildPhase section */
		6A4FECE21D94727A008B00EE /* Sources */ = {
			isa = PBXSourcesBuildPhase;
			buildActionMask = 2147483647;
			files = (
				6ABB17B91D966C87004A72FB /* Meme.swift in Sources */,
				6A3D94181DB1B84700696483 /* MemesCollectionViewController.swift in Sources */,
				6A4FECEC1D94727A008B00EE /* MemesEditorViewController.swift in Sources */,
				6A43AC441DAAC84D00AFCC03 /* MemesTableViewController.swift in Sources */,
				6A43AC461DB044DD00AFCC03 /* MemesDetailViewController.swift in Sources */,
				6A4FECEA1D94727A008B00EE /* AppDelegate.swift in Sources */,
				6ABB17BC1D966CF6004A72FB /* MemeModel.xcdatamodeld in Sources */,
			);
			runOnlyForDeploymentPostprocessing = 0;
		};
/* End PBXSourcesBuildPhase section */

/* Begin PBXVariantGroup section */
		6A4FECF21D94727A008B00EE /* LaunchScreen.storyboard */ = {
			isa = PBXVariantGroup;
			children = (
				6A4FECF31D94727A008B00EE /* Base */,
			);
			name = LaunchScreen.storyboard;
			sourceTree = "<group>";
		};
/* End PBXVariantGroup section */

/* Begin XCBuildConfiguration section */
		6A4FECF61D94727A008B00EE /* Debug */ = {
			isa = XCBuildConfiguration;
			buildSettings = {
				ALWAYS_SEARCH_USER_PATHS = NO;
				CLANG_ANALYZER_NONNULL = YES;
				CLANG_CXX_LANGUAGE_STANDARD = "gnu++0x";
				CLANG_CXX_LIBRARY = "libc++";
				CLANG_ENABLE_MODULES = YES;
				CLANG_ENABLE_OBJC_ARC = YES;
				CLANG_WARN_BOOL_CONVERSION = YES;
				CLANG_WARN_CONSTANT_CONVERSION = YES;
				CLANG_WARN_DIRECT_OBJC_ISA_USAGE = YES_ERROR;
				CLANG_WARN_DOCUMENTATION_COMMENTS = YES;
				CLANG_WARN_EMPTY_BODY = YES;
				CLANG_WARN_ENUM_CONVERSION = YES;
				CLANG_WARN_INFINITE_RECURSION = YES;
				CLANG_WARN_INT_CONVERSION = YES;
				CLANG_WARN_OBJC_ROOT_CLASS = YES_ERROR;
				CLANG_WARN_SUSPICIOUS_MOVES = YES;
				CLANG_WARN_UNREACHABLE_CODE = YES;
				CLANG_WARN__DUPLICATE_METHOD_MATCH = YES;
				"CODE_SIGN_IDENTITY[sdk=iphoneos*]" = "iPhone Developer";
				COPY_PHASE_STRIP = NO;
				DEBUG_INFORMATION_FORMAT = dwarf;
				ENABLE_STRICT_OBJC_MSGSEND = YES;
				ENABLE_TESTABILITY = YES;
				GCC_C_LANGUAGE_STANDARD = gnu99;
				GCC_DYNAMIC_NO_PIC = NO;
				GCC_NO_COMMON_BLOCKS = YES;
				GCC_OPTIMIZATION_LEVEL = 0;
				GCC_PREPROCESSOR_DEFINITIONS = (
					"DEBUG=1",
					"$(inherited)",
				);
				GCC_WARN_64_TO_32_BIT_CONVERSION = YES;
				GCC_WARN_ABOUT_RETURN_TYPE = YES_ERROR;
				GCC_WARN_UNDECLARED_SELECTOR = YES;
				GCC_WARN_UNINITIALIZED_AUTOS = YES_AGGRESSIVE;
				GCC_WARN_UNUSED_FUNCTION = YES;
				GCC_WARN_UNUSED_VARIABLE = YES;
				IPHONEOS_DEPLOYMENT_TARGET = 10.0;
				MTL_ENABLE_DEBUG_INFO = YES;
				ONLY_ACTIVE_ARCH = YES;
				SDKROOT = iphoneos;
				SWIFT_ACTIVE_COMPILATION_CONDITIONS = DEBUG;
				SWIFT_OPTIMIZATION_LEVEL = "-Onone";
			};
			name = Debug;
		};
		6A4FECF71D94727A008B00EE /* Release */ = {
			isa = XCBuildConfiguration;
			buildSettings = {
				ALWAYS_SEARCH_USER_PATHS = NO;
				CLANG_ANALYZER_NONNULL = YES;
				CLANG_CXX_LANGUAGE_STANDARD = "gnu++0x";
				CLANG_CXX_LIBRARY = "libc++";
				CLANG_ENABLE_MODULES = YES;
				CLANG_ENABLE_OBJC_ARC = YES;
				CLANG_WARN_BOOL_CONVERSION = YES;
				CLANG_WARN_CONSTANT_CONVERSION = YES;
				CLANG_WARN_DIRECT_OBJC_ISA_USAGE = YES_ERROR;
				CLANG_WARN_DOCUMENTATION_COMMENTS = YES;
				CLANG_WARN_EMPTY_BODY = YES;
				CLANG_WARN_ENUM_CONVERSION = YES;
				CLANG_WARN_INFINITE_RECURSION = YES;
				CLANG_WARN_INT_CONVERSION = YES;
				CLANG_WARN_OBJC_ROOT_CLASS = YES_ERROR;
				CLANG_WARN_SUSPICIOUS_MOVES = YES;
				CLANG_WARN_UNREACHABLE_CODE = YES;
				CLANG_WARN__DUPLICATE_METHOD_MATCH = YES;
				"CODE_SIGN_IDENTITY[sdk=iphoneos*]" = "iPhone Developer";
				COPY_PHASE_STRIP = NO;
				DEBUG_INFORMATION_FORMAT = "dwarf-with-dsym";
				ENABLE_NS_ASSERTIONS = NO;
				ENABLE_STRICT_OBJC_MSGSEND = YES;
				GCC_C_LANGUAGE_STANDARD = gnu99;
				GCC_NO_COMMON_BLOCKS = YES;
				GCC_WARN_64_TO_32_BIT_CONVERSION = YES;
				GCC_WARN_ABOUT_RETURN_TYPE = YES_ERROR;
				GCC_WARN_UNDECLARED_SELECTOR = YES;
				GCC_WARN_UNINITIALIZED_AUTOS = YES_AGGRESSIVE;
				GCC_WARN_UNUSED_FUNCTION = YES;
				GCC_WARN_UNUSED_VARIABLE = YES;
				IPHONEOS_DEPLOYMENT_TARGET = 10.0;
				MTL_ENABLE_DEBUG_INFO = NO;
				SDKROOT = iphoneos;
				SWIFT_OPTIMIZATION_LEVEL = "-Owholemodule";
				VALIDATE_PRODUCT = YES;
			};
			name = Release;
		};
		6A4FECF91D94727A008B00EE /* Debug */ = {
			isa = XCBuildConfiguration;
			buildSettings = {
				ASSETCATALOG_COMPILER_APPICON_NAME = AppIcon;
				DEVELOPMENT_TEAM = 3VMET837C5;
				INFOPLIST_FILE = Memes/Info.plist;
				LD_RUNPATH_SEARCH_PATHS = "$(inherited) @executable_path/Frameworks";
				PRODUCT_BUNDLE_IDENTIFIER = com.z0s.Memes;
				PRODUCT_NAME = "$(TARGET_NAME)";
				SWIFT_VERSION = 3.0;
			};
			name = Debug;
		};
		6A4FECFA1D94727A008B00EE /* Release */ = {
			isa = XCBuildConfiguration;
			buildSettings = {
				ASSETCATALOG_COMPILER_APPICON_NAME = AppIcon;
				DEVELOPMENT_TEAM = 3VMET837C5;
				INFOPLIST_FILE = Memes/Info.plist;
				LD_RUNPATH_SEARCH_PATHS = "$(inherited) @executable_path/Frameworks";
				PRODUCT_BUNDLE_IDENTIFIER = com.z0s.Memes;
				PRODUCT_NAME = "$(TARGET_NAME)";
				SWIFT_VERSION = 3.0;
			};
			name = Release;
		};
/* End XCBuildConfiguration section */

/* Begin XCConfigurationList section */
		6A4FECE11D94727A008B00EE /* Build configuration list for PBXProject "Memes" */ = {
			isa = XCConfigurationList;
			buildConfigurations = (
				6A4FECF61D94727A008B00EE /* Debug */,
				6A4FECF71D94727A008B00EE /* Release */,
			);
			defaultConfigurationIsVisible = 0;
			defaultConfigurationName = Release;
		};
		6A4FECF81D94727A008B00EE /* Build configuration list for PBXNativeTarget "Memes" */ = {
			isa = XCConfigurationList;
			buildConfigurations = (
				6A4FECF91D94727A008B00EE /* Debug */,
				6A4FECFA1D94727A008B00EE /* Release */,
			);
			defaultConfigurationIsVisible = 0;
			defaultConfigurationName = Release;
		};
/* End XCConfigurationList section */

/* Begin XCVersionGroup section */
		6ABB17BA1D966CF6004A72FB /* MemeModel.xcdatamodeld */ = {
			isa = XCVersionGroup;
			children = (
				6ABB17BB1D966CF6004A72FB /* MemeModel.xcdatamodel */,
			);
			currentVersion = 6ABB17BB1D966CF6004A72FB /* MemeModel.xcdatamodel */;
			path = MemeModel.xcdatamodeld;
			sourceTree = "<group>";
			versionGroupType = wrapper.xcdatamodel;
		};
/* End XCVersionGroup section */
	};
	rootObject = 6A4FECDE1D94727A008B00EE /* Project object */;
}
